
Microsoft Visual Studio Solution File, Format Version 12.00
# Visual Studio Version 17
VisualStudioVersion = 17.4.33213.308
MinimumVisualStudioVersion = 10.0.40219.1
Project("{2150E333-8FDC-42A3-9474-1A3956D46DE8}") = "FrontEnd", "FrontEnd", "{0A5D947E-6678-4097-BB18-1D61DFF86A72}"
EndProject
Project("{2150E333-8FDC-42A3-9474-1A3956D46DE8}") = "Gateway", "Gateway", "{16633060-B3E9-42F3-986B-3370FB378BBB}"
EndProject
Project("{2150E333-8FDC-42A3-9474-1A3956D46DE8}") = "Integration", "Integration", "{0533715B-9A31-4B9D-8521-D6B2068E2E54}"
EndProject
Project("{2150E333-8FDC-42A3-9474-1A3956D46DE8}") = "Services", "Services", "{5E3554CC-5548-4F57-9298-05C6936DC561}"
EndProject
Project("{FAE04EC0-301F-11D3-BF4B-00C04F79EFBC}") = "Mango.Services.CouponAPI", "Mango.Services.CouponAPI\Mango.Services.CouponAPI.csproj", "{DDC319F5-CED5-4C38-9BCF-FC46A93DA1D1}"
EndProject
Global
	GlobalSection(SolutionConfigurationPlatforms) = preSolution
		Debug|Any CPU = Debug|Any CPU
		Release|Any CPU = Release|Any CPU
	EndGlobalSection
	GlobalSection(ProjectConfigurationPlatforms) = postSolution
		{DDC319F5-CED5-4C38-9BCF-FC46A93DA1D1}.Debug|Any CPU.ActiveCfg = Debug|Any CPU
		{DDC319F5-CED5-4C38-9BCF-FC46A93DA1D1}.Debug|Any CPU.Build.0 = Debug|Any CPU
		{DDC319F5-CED5-4C38-9BCF-FC46A93DA1D1}.Release|Any CPU.ActiveCfg = Release|Any CPU
		{DDC319F5-CED5-4C38-9BCF-FC46A93DA1D1}.Release|Any CPU.Build.0 = Release|Any CPU
	EndGlobalSection
	GlobalSection(SolutionProperties) = preSolution
		HideSolutionNode = FALSE
	EndGlobalSection
	GlobalSection(NestedProjects) = preSolution
		{DDC319F5-CED5-4C38-9BCF-FC46A93DA1D1} = {5E3554CC-5548-4F57-9298-05C6936DC561}
	EndGlobalSection
	GlobalSection(ExtensibilityGlobals) = postSolution
		SolutionGuid = {623BCB4A-104A-4CD6-8D4B-14C3E9010793}
	EndGlobalSection
EndGlobal
